
Microsoft Visual Studio Solution File, Format Version 12.00
# Visual Studio Version 17
VisualStudioVersion = 17.2.32516.85
MinimumVisualStudioVersion = 10.0.40219.1
Project("{FAE04EC0-301F-11D3-BF4B-00C04F79EFBC}") = "Class_Test_01", "Class_Test_01\Class_Test_01.csproj", "{877B92E2-B632-4CB0-B30E-6BA353AD22DA}"
EndProject
Global
	GlobalSection(SolutionConfigurationPlatforms) = preSolution
		Debug|Any CPU = Debug|Any CPU
		Release|Any CPU = Release|Any CPU
	EndGlobalSection
	GlobalSection(ProjectConfigurationPlatforms) = postSolution
		{877B92E2-B632-4CB0-B30E-6BA353AD22DA}.Debug|Any CPU.ActiveCfg = Debug|Any CPU
		{877B92E2-B632-4CB0-B30E-6BA353AD22DA}.Debug|Any CPU.Build.0 = Debug|Any CPU
		{877B92E2-B632-4CB0-B30E-6BA353AD22DA}.Release|Any CPU.ActiveCfg = Release|Any CPU
		{877B92E2-B632-4CB0-B30E-6BA353AD22DA}.Release|Any CPU.Build.0 = Release|Any CPU
	EndGlobalSection
	GlobalSection(SolutionProperties) = preSolution
		HideSolutionNode = FALSE
	EndGlobalSection
	GlobalSection(ExtensibilityGlobals) = postSolution
		SolutionGuid = {ABB25B3C-62C3-4B5E-89F0-D09CBFD41F28}
	EndGlobalSection
EndGlobal
