
Microsoft Visual Studio Solution File, Format Version 12.00
# Visual Studio Version 17
VisualStudioVersion = 17.2.32516.85
MinimumVisualStudioVersion = 10.0.40219.1
Project("{FAE04EC0-301F-11D3-BF4B-00C04F79EFBC}") = "실습_", "Chap05_StringFind\실습_.csproj", "{9795FAF9-FA3B-48DD-B861-45774D6D943A}"
EndProject
Global
	GlobalSection(SolutionConfigurationPlatforms) = preSolution
		Debug|Any CPU = Debug|Any CPU
		Release|Any CPU = Release|Any CPU
	EndGlobalSection
	GlobalSection(ProjectConfigurationPlatforms) = postSolution
		{9795FAF9-FA3B-48DD-B861-45774D6D943A}.Debug|Any CPU.ActiveCfg = Debug|Any CPU
		{9795FAF9-FA3B-48DD-B861-45774D6D943A}.Debug|Any CPU.Build.0 = Debug|Any CPU
		{9795FAF9-FA3B-48DD-B861-45774D6D943A}.Release|Any CPU.ActiveCfg = Release|Any CPU
		{9795FAF9-FA3B-48DD-B861-45774D6D943A}.Release|Any CPU.Build.0 = Release|Any CPU
	EndGlobalSection
	GlobalSection(SolutionProperties) = preSolution
		HideSolutionNode = FALSE
	EndGlobalSection
	GlobalSection(ExtensibilityGlobals) = postSolution
		SolutionGuid = {ED6D798D-78B6-4AD5-994C-E65ECF06DEA5}
	EndGlobalSection
EndGlobal
